
Microsoft Visual Studio Solution File, Format Version 12.00
# Visual Studio Version 17
VisualStudioVersion = 17.0.32112.339
MinimumVisualStudioVersion = 10.0.40219.1
Project("{FAE04EC0-301F-11D3-BF4B-00C04F79EFBC}") = "BJSSBasket", "BJSSBasket.csproj", "{5F584704-639B-4DFD-BD78-944108FCCA10}"
EndProject
Global
	GlobalSection(SolutionConfigurationPlatforms) = preSolution
		Debug|Any CPU = Debug|Any CPU
		Release|Any CPU = Release|Any CPU
	EndGlobalSection
	GlobalSection(ProjectConfigurationPlatforms) = postSolution
		{5F584704-639B-4DFD-BD78-944108FCCA10}.Debug|Any CPU.ActiveCfg = Debug|Any CPU
		{5F584704-639B-4DFD-BD78-944108FCCA10}.Debug|Any CPU.Build.0 = Debug|Any CPU
		{5F584704-639B-4DFD-BD78-944108FCCA10}.Release|Any CPU.ActiveCfg = Release|Any CPU
		{5F584704-639B-4DFD-BD78-944108FCCA10}.Release|Any CPU.Build.0 = Release|Any CPU
	EndGlobalSection
	GlobalSection(SolutionProperties) = preSolution
		HideSolutionNode = FALSE
	EndGlobalSection
	GlobalSection(ExtensibilityGlobals) = postSolution
		SolutionGuid = {3B93B1EE-5D2F-414B-A6AD-EE1EBEDEBAC1}
	EndGlobalSection
EndGlobal
